// !$*UTF8*$!
{
	archiveVersion = 1;
	classes = {
	};
	objectVersion = 46;
	objects = {

/* Begin PBXBuildFile section */
		789E709827050AB50089C8FD /* Foundation.framework in Frameworks */ = {isa = PBXBuildFile; fileRef = 789E709727050AB50089C8FD /* Foundation.framework */; };
		789E709A27050AB50089C8FD /* CoreGraphics.framework in Frameworks */ = {isa = PBXBuildFile; fileRef = 789E709927050AB50089C8FD /* CoreGraphics.framework */; };
		789E709C27050AB50089C8FD /* UIKit.framework in Frameworks */ = {isa = PBXBuildFile; fileRef = 789E709B27050AB50089C8FD /* UIKit.framework */; };
		789E70A227050AB50089C8FD /* InfoPlist.strings in Resources */ = {isa = PBXBuildFile; fileRef = 789E70A027050AB50089C8FD /* InfoPlist.strings */; };
		789E70A427050AB50089C8FD /* main.m in Sources */ = {isa = PBXBuildFile; fileRef = 789E70A327050AB50089C8FD /* main.m */; };
		789E70A827050AB50089C8FD /* AppDelegate.m in Sources */ = {isa = PBXBuildFile; fileRef = 789E70A727050AB50089C8FD /* AppDelegate.m */; };
		789E70AB27050AB50089C8FD /* Main_iPhone.storyboard in Resources */ = {isa = PBXBuildFile; fileRef = 789E70A927050AB50089C8FD /* Main_iPhone.storyboard */; };
		789E70AE27050AB50089C8FD /* Main_iPad.storyboard in Resources */ = {isa = PBXBuildFile; fileRef = 789E70AC27050AB50089C8FD /* Main_iPad.storyboard */; };
		789E70B127050AB50089C8FD /* ViewController.m in Sources */ = {isa = PBXBuildFile; fileRef = 789E70B027050AB50089C8FD /* ViewController.m */; };
		789E70B327050AB50089C8FD /* Images.xcassets in Resources */ = {isa = PBXBuildFile; fileRef = 789E70B227050AB50089C8FD /* Images.xcassets */; };
		789E70BA27050AB50089C8FD /* XCTest.framework in Frameworks */ = {isa = PBXBuildFile; fileRef = 789E70B927050AB50089C8FD /* XCTest.framework */; };
		789E70BB27050AB50089C8FD /* Foundation.framework in Frameworks */ = {isa = PBXBuildFile; fileRef = 789E709727050AB50089C8FD /* Foundation.framework */; };
		789E70BC27050AB50089C8FD /* UIKit.framework in Frameworks */ = {isa = PBXBuildFile; fileRef = 789E709B27050AB50089C8FD /* UIKit.framework */; };
		789E70C427050AB50089C8FD /* InfoPlist.strings in Resources */ = {isa = PBXBuildFile; fileRef = 789E70C227050AB50089C8FD /* InfoPlist.strings */; };
		789E70C627050AB50089C8FD /* iGOGTests.m in Sources */ = {isa = PBXBuildFile; fileRef = 789E70C527050AB50089C8FD /* iGOGTests.m */; };
		789E70D027050B9C0089C8FD /* BackGround.png in Resources */ = {isa = PBXBuildFile; fileRef = 789E70CF27050B9C0089C8FD /* BackGround.png */; };
		78A7F77127051DF600A9BE4A /* constructbg.jpg in Resources */ = {isa = PBXBuildFile; fileRef = 78A7F77027051DF600A9BE4A /* constructbg.jpg */; };
/* End PBXBuildFile section */

/* Begin PBXContainerItemProxy section */
		789E70BD27050AB50089C8FD /* PBXContainerItemProxy */ = {
			isa = PBXContainerItemProxy;
			containerPortal = 789E708C27050AB50089C8FD /* Project object */;
			proxyType = 1;
			remoteGlobalIDString = 789E709327050AB50089C8FD;
			remoteInfo = iGOG;
		};
/* End PBXContainerItemProxy section */

/* Begin PBXFileReference section */
		789E709427050AB50089C8FD /* iGOG.app */ = {isa = PBXFileReference; explicitFileType = wrapper.application; includeInIndex = 0; path = iGOG.app; sourceTree = BUILT_PRODUCTS_DIR; };
		789E709727050AB50089C8FD /* Foundation.framework */ = {isa = PBXFileReference; lastKnownFileType = wrapper.framework; name = Foundation.framework; path = System/Library/Frameworks/Foundation.framework; sourceTree = SDKROOT; };
		789E709927050AB50089C8FD /* CoreGraphics.framework */ = {isa = PBXFileReference; lastKnownFileType = wrapper.framework; name = CoreGraphics.framework; path = System/Library/Frameworks/CoreGraphics.framework; sourceTree = SDKROOT; };
		789E709B27050AB50089C8FD /* UIKit.framework */ = {isa = PBXFileReference; lastKnownFileType = wrapper.framework; name = UIKit.framework; path = System/Library/Frameworks/UIKit.framework; sourceTree = SDKROOT; };
		789E709F27050AB50089C8FD /* iGOG-Info.plist */ = {isa = PBXFileReference; lastKnownFileType = text.plist.xml; path = "iGOG-Info.plist"; sourceTree = "<group>"; };
		789E70A127050AB50089C8FD /* en */ = {isa = PBXFileReference; lastKnownFileType = text.plist.strings; name = en; path = en.lproj/InfoPlist.strings; sourceTree = "<group>"; };
		789E70A327050AB50089C8FD /* main.m */ = {isa = PBXFileReference; lastKnownFileType = sourcecode.c.objc; path = main.m; sourceTree = "<group>"; };
		789E70A527050AB50089C8FD /* iGOG-Prefix.pch */ = {isa = PBXFileReference; lastKnownFileType = sourcecode.c.h; path = "iGOG-Prefix.pch"; sourceTree = "<group>"; };
		789E70A627050AB50089C8FD /* AppDelegate.h */ = {isa = PBXFileReference; lastKnownFileType = sourcecode.c.h; path = AppDelegate.h; sourceTree = "<group>"; };
		789E70A727050AB50089C8FD /* AppDelegate.m */ = {isa = PBXFileReference; lastKnownFileType = sourcecode.c.objc; path = AppDelegate.m; sourceTree = "<group>"; };
		789E70AA27050AB50089C8FD /* Base */ = {isa = PBXFileReference; lastKnownFileType = file.storyboard; name = Base; path = Base.lproj/Main_iPhone.storyboard; sourceTree = "<group>"; };
		789E70AD27050AB50089C8FD /* Base */ = {isa = PBXFileReference; lastKnownFileType = file.storyboard; name = Base; path = Base.lproj/Main_iPad.storyboard; sourceTree = "<group>"; };
		789E70AF27050AB50089C8FD /* ViewController.h */ = {isa = PBXFileReference; lastKnownFileType = sourcecode.c.h; path = ViewController.h; sourceTree = "<group>"; };
		789E70B027050AB50089C8FD /* ViewController.m */ = {isa = PBXFileReference; lastKnownFileType = sourcecode.c.objc; path = ViewController.m; sourceTree = "<group>"; };
		789E70B227050AB50089C8FD /* Images.xcassets */ = {isa = PBXFileReference; lastKnownFileType = folder.assetcatalog; path = Images.xcassets; sourceTree = "<group>"; };
		789E70B827050AB50089C8FD /* iGOGTests.xctest */ = {isa = PBXFileReference; explicitFileType = wrapper.cfbundle; includeInIndex = 0; path = iGOGTests.xctest; sourceTree = BUILT_PRODUCTS_DIR; };
		789E70B927050AB50089C8FD /* XCTest.framework */ = {isa = PBXFileReference; lastKnownFileType = wrapper.framework; name = XCTest.framework; path = Library/Frameworks/XCTest.framework; sourceTree = DEVELOPER_DIR; };
		789E70C127050AB50089C8FD /* iGOGTests-Info.plist */ = {isa = PBXFileReference; lastKnownFileType = text.plist.xml; path = "iGOGTests-Info.plist"; sourceTree = "<group>"; };
		789E70C327050AB50089C8FD /* en */ = {isa = PBXFileReference; lastKnownFileType = text.plist.strings; name = en; path = en.lproj/InfoPlist.strings; sourceTree = "<group>"; };
		789E70C527050AB50089C8FD /* iGOGTests.m */ = {isa = PBXFileReference; lastKnownFileType = sourcecode.c.objc; path = iGOGTests.m; sourceTree = "<group>"; };
		789E70CF27050B9C0089C8FD /* BackGround.png */ = {isa = PBXFileReference; lastKnownFileType = image.png; name = BackGround.png; path = "../../../xCode Projects/when/BackGround.png"; sourceTree = "<group>"; };
		78A7F77027051DF600A9BE4A /* constructbg.jpg */ = {isa = PBXFileReference; lastKnownFileType = image.jpeg; name = constructbg.jpg; path = ../../../constructbg.jpg; sourceTree = "<group>"; };
/* End PBXFileReference section */

/* Begin PBXFrameworksBuildPhase section */
		789E709127050AB50089C8FD /* Frameworks */ = {
			isa = PBXFrameworksBuildPhase;
			buildActionMask = 2147483647;
			files = (
				789E709A27050AB50089C8FD /* CoreGraphics.framework in Frameworks */,
				789E709C27050AB50089C8FD /* UIKit.framework in Frameworks */,
				789E709827050AB50089C8FD /* Foundation.framework in Frameworks */,
			);
			runOnlyForDeploymentPostprocessing = 0;
		};
		789E70B527050AB50089C8FD /* Frameworks */ = {
			isa = PBXFrameworksBuildPhase;
			buildActionMask = 2147483647;
			files = (
				789E70BA27050AB50089C8FD /* XCTest.framework in Frameworks */,
				789E70BC27050AB50089C8FD /* UIKit.framework in Frameworks */,
				789E70BB27050AB50089C8FD /* Foundation.framework in Frameworks */,
			);
			runOnlyForDeploymentPostprocessing = 0;
		};
/* End PBXFrameworksBuildPhase section */

/* Begin PBXGroup section */
		789E708B27050AB50089C8FD = {
			isa = PBXGroup;
			children = (
				789E709D27050AB50089C8FD /* iGOG */,
				789E70BF27050AB50089C8FD /* iGOGTests */,
				789E709627050AB50089C8FD /* Frameworks */,
				789E709527050AB50089C8FD /* Products */,
			);
			sourceTree = "<group>";
		};
		789E709527050AB50089C8FD /* Products */ = {
			isa = PBXGroup;
			children = (
				789E709427050AB50089C8FD /* iGOG.app */,
				789E70B827050AB50089C8FD /* iGOGTests.xctest */,
			);
			name = Products;
			sourceTree = "<group>";
		};
		789E709627050AB50089C8FD /* Frameworks */ = {
			isa = PBXGroup;
			children = (
				789E709727050AB50089C8FD /* Foundation.framework */,
				789E709927050AB50089C8FD /* CoreGraphics.framework */,
				789E709B27050AB50089C8FD /* UIKit.framework */,
				789E70B927050AB50089C8FD /* XCTest.framework */,
			);
			name = Frameworks;
			sourceTree = "<group>";
		};
		789E709D27050AB50089C8FD /* iGOG */ = {
			isa = PBXGroup;
			children = (
				789E70A627050AB50089C8FD /* AppDelegate.h */,
				789E70A727050AB50089C8FD /* AppDelegate.m */,
				789E70A927050AB50089C8FD /* Main_iPhone.storyboard */,
				789E70AC27050AB50089C8FD /* Main_iPad.storyboard */,
				789E70AF27050AB50089C8FD /* ViewController.h */,
				789E70CF27050B9C0089C8FD /* BackGround.png */,
				78A7F77027051DF600A9BE4A /* constructbg.jpg */,
				789E70B027050AB50089C8FD /* ViewController.m */,
				789E70B227050AB50089C8FD /* Images.xcassets */,
				789E709E27050AB50089C8FD /* Supporting Files */,
			);
			path = iGOG;
			sourceTree = "<group>";
		};
		789E709E27050AB50089C8FD /* Supporting Files */ = {
			isa = PBXGroup;
			children = (
				789E709F27050AB50089C8FD /* iGOG-Info.plist */,
				789E70A027050AB50089C8FD /* InfoPlist.strings */,
				789E70A327050AB50089C8FD /* main.m */,
				789E70A527050AB50089C8FD /* iGOG-Prefix.pch */,
			);
			name = "Supporting Files";
			sourceTree = "<group>";
		};
		789E70BF27050AB50089C8FD /* iGOGTests */ = {
			isa = PBXGroup;
			children = (
				789E70C527050AB50089C8FD /* iGOGTests.m */,
				789E70C027050AB50089C8FD /* Supporting Files */,
			);
			path = iGOGTests;
			sourceTree = "<group>";
		};
		789E70C027050AB50089C8FD /* Supporting Files */ = {
			isa = PBXGroup;
			children = (
				789E70C127050AB50089C8FD /* iGOGTests-Info.plist */,
				789E70C227050AB50089C8FD /* InfoPlist.strings */,
			);
			name = "Supporting Files";
			sourceTree = "<group>";
		};
/* End PBXGroup section */

/* Begin PBXNativeTarget section */
		789E709327050AB50089C8FD /* iGOG */ = {
			isa = PBXNativeTarget;
			buildConfigurationList = 789E70C927050AB50089C8FD /* Build configuration list for PBXNativeTarget "iGOG" */;
			buildPhases = (
				789E709027050AB50089C8FD /* Sources */,
				789E709127050AB50089C8FD /* Frameworks */,
				789E709227050AB50089C8FD /* Resources */,
			);
			buildRules = (
			);
			dependencies = (
			);
			name = iGOG;
			productName = iGOG;
			productReference = 789E709427050AB50089C8FD /* iGOG.app */;
			productType = "com.apple.product-type.application";
		};
		789E70B727050AB50089C8FD /* iGOGTests */ = {
			isa = PBXNativeTarget;
			buildConfigurationList = 789E70CC27050AB50089C8FD /* Build configuration list for PBXNativeTarget "iGOGTests" */;
			buildPhases = (
				789E70B427050AB50089C8FD /* Sources */,
				789E70B527050AB50089C8FD /* Frameworks */,
				789E70B627050AB50089C8FD /* Resources */,
			);
			buildRules = (
			);
			dependencies = (
				789E70BE27050AB50089C8FD /* PBXTargetDependency */,
			);
			name = iGOGTests;
			productName = iGOGTests;
			productReference = 789E70B827050AB50089C8FD /* iGOGTests.xctest */;
			productType = "com.apple.product-type.bundle.unit-test";
		};
/* End PBXNativeTarget section */

/* Begin PBXProject section */
		789E708C27050AB50089C8FD /* Project object */ = {
			isa = PBXProject;
			attributes = {
				LastUpgradeCheck = 0510;
				ORGANIZATIONNAME = UrkiMii;
				TargetAttributes = {
					789E70B727050AB50089C8FD = {
						TestTargetID = 789E709327050AB50089C8FD;
					};
				};
			};
			buildConfigurationList = 789E708F27050AB50089C8FD /* Build configuration list for PBXProject "iGOG" */;
			compatibilityVersion = "Xcode 3.2";
			developmentRegion = English;
			hasScannedForEncodings = 0;
			knownRegions = (
				en,
				Base,
			);
			mainGroup = 789E708B27050AB50089C8FD;
			productRefGroup = 789E709527050AB50089C8FD /* Products */;
			projectDirPath = "";
			projectRoot = "";
			targets = (
				789E709327050AB50089C8FD /* iGOG */,
				789E70B727050AB50089C8FD /* iGOGTests */,
			);
		};
/* End PBXProject section */

/* Begin PBXResourcesBuildPhase section */
		789E709227050AB50089C8FD /* Resources */ = {
			isa = PBXResourcesBuildPhase;
			buildActionMask = 2147483647;
			files = (
				789E70AE27050AB50089C8FD /* Main_iPad.storyboard in Resources */,
				789E70B327050AB50089C8FD /* Images.xcassets in Resources */,
				789E70AB27050AB50089C8FD /* Main_iPhone.storyboard in Resources */,
				789E70A227050AB50089C8FD /* InfoPlist.strings in Resources */,
				78A7F77127051DF600A9BE4A /* constructbg.jpg in Resources */,
				789E70D027050B9C0089C8FD /* BackGround.png in Resources */,
			);
			runOnlyForDeploymentPostprocessing = 0;
		};
		789E70B627050AB50089C8FD /* Resources */ = {
			isa = PBXResourcesBuildPhase;
			buildActionMask = 2147483647;
			files = (
				789E70C427050AB50089C8FD /* InfoPlist.strings in Resources */,
			);
			runOnlyForDeploymentPostprocessing = 0;
		};
/* End PBXResourcesBuildPhase section */

/* Begin PBXSourcesBuildPhase section */
		789E709027050AB50089C8FD /* Sources */ = {
			isa = PBXSourcesBuildPhase;
			buildActionMask = 2147483647;
			files = (
				789E70B127050AB50089C8FD /* ViewController.m in Sources */,
				789E70A827050AB50089C8FD /* AppDelegate.m in Sources */,
				789E70A427050AB50089C8FD /* main.m in Sources */,
			);
			runOnlyForDeploymentPostprocessing = 0;
		};
		789E70B427050AB50089C8FD /* Sources */ = {
			isa = PBXSourcesBuildPhase;
			buildActionMask = 2147483647;
			files = (
				789E70C627050AB50089C8FD /* iGOGTests.m in Sources */,
			);
			runOnlyForDeploymentPostprocessing = 0;
		};
/* End PBXSourcesBuildPhase section */

/* Begin PBXTargetDependency section */
		789E70BE27050AB50089C8FD /* PBXTargetDependency */ = {
			isa = PBXTargetDependency;
			target = 789E709327050AB50089C8FD /* iGOG */;
			targetProxy = 789E70BD27050AB50089C8FD /* PBXContainerItemProxy */;
		};
/* End PBXTargetDependency section */

/* Begin PBXVariantGroup section */
		789E70A027050AB50089C8FD /* InfoPlist.strings */ = {
			isa = PBXVariantGroup;
			children = (
				789E70A127050AB50089C8FD /* en */,
			);
			name = InfoPlist.strings;
			sourceTree = "<group>";
		};
		789E70A927050AB50089C8FD /* Main_iPhone.storyboard */ = {
			isa = PBXVariantGroup;
			children = (
				789E70AA27050AB50089C8FD /* Base */,
			);
			name = Main_iPhone.storyboard;
			sourceTree = "<group>";
		};
		789E70AC27050AB50089C8FD /* Main_iPad.storyboard */ = {
			isa = PBXVariantGroup;
			children = (
				789E70AD27050AB50089C8FD /* Base */,
			);
			name = Main_iPad.storyboard;
			sourceTree = "<group>";
		};
		789E70C227050AB50089C8FD /* InfoPlist.strings */ = {
			isa = PBXVariantGroup;
			children = (
				789E70C327050AB50089C8FD /* en */,
			);
			name = InfoPlist.strings;
			sourceTree = "<group>";
		};
/* End PBXVariantGroup section */

/* Begin XCBuildConfiguration section */
		789E70C727050AB50089C8FD /* Debug */ = {
			isa = XCBuildConfiguration;
			buildSettings = {
				ALWAYS_SEARCH_USER_PATHS = NO;
				CLANG_CXX_LANGUAGE_STANDARD = "gnu++0x";
				CLANG_CXX_LIBRARY = "libc++";
				CLANG_ENABLE_MODULES = YES;
				CLANG_ENABLE_OBJC_ARC = YES;
				CLANG_WARN_BOOL_CONVERSION = YES;
				CLANG_WARN_CONSTANT_CONVERSION = YES;
				CLANG_WARN_DIRECT_OBJC_ISA_USAGE = YES_ERROR;
				CLANG_WARN_EMPTY_BODY = YES;
				CLANG_WARN_ENUM_CONVERSION = YES;
				CLANG_WARN_INT_CONVERSION = YES;
				CLANG_WARN_OBJC_ROOT_CLASS = YES_ERROR;
				CLANG_WARN__DUPLICATE_METHOD_MATCH = YES;
				"CODE_SIGN_IDENTITY[sdk=iphoneos*]" = "iPhone Developer";
				COPY_PHASE_STRIP = NO;
				GCC_C_LANGUAGE_STANDARD = gnu99;
				GCC_DYNAMIC_NO_PIC = NO;
				GCC_OPTIMIZATION_LEVEL = 0;
				GCC_PREPROCESSOR_DEFINITIONS = (
					"DEBUG=1",
					"$(inherited)",
				);
				GCC_SYMBOLS_PRIVATE_EXTERN = NO;
				GCC_WARN_64_TO_32_BIT_CONVERSION = YES;
				GCC_WARN_ABOUT_RETURN_TYPE = YES_ERROR;
				GCC_WARN_UNDECLARED_SELECTOR = YES;
				GCC_WARN_UNINITIALIZED_AUTOS = YES_AGGRESSIVE;
				GCC_WARN_UNUSED_FUNCTION = YES;
				GCC_WARN_UNUSED_VARIABLE = YES;
				IPHONEOS_DEPLOYMENT_TARGET = 7.1;
				ONLY_ACTIVE_ARCH = YES;
				SDKROOT = iphoneos;
				TARGETED_DEVICE_FAMILY = "1,2";
			};
			name = Debug;
		};
		789E70C827050AB50089C8FD /* Release */ = {
			isa = XCBuildConfiguration;
			buildSettings = {
				ALWAYS_SEARCH_USER_PATHS = NO;
				CLANG_CXX_LANGUAGE_STANDARD = "gnu++0x";
				CLANG_CXX_LIBRARY = "libc++";
				CLANG_ENABLE_MODULES = YES;
				CLANG_ENABLE_OBJC_ARC = YES;
				CLANG_WARN_BOOL_CONVERSION = YES;
				CLANG_WARN_CONSTANT_CONVERSION = YES;
				CLANG_WARN_DIRECT_OBJC_ISA_USAGE = YES_ERROR;
				CLANG_WARN_EMPTY_BODY = YES;
				CLANG_WARN_ENUM_CONVERSION = YES;
				CLANG_WARN_INT_CONVERSION = YES;
				CLANG_WARN_OBJC_ROOT_CLASS = YES_ERROR;
				CLANG_WARN__DUPLICATE_METHOD_MATCH = YES;
				"CODE_SIGN_IDENTITY[sdk=iphoneos*]" = "iPhone Developer";
				COPY_PHASE_STRIP = YES;
				ENABLE_NS_ASSERTIONS = NO;
				GCC_C_LANGUAGE_STANDARD = gnu99;
				GCC_WARN_64_TO_32_BIT_CONVERSION = YES;
				GCC_WARN_ABOUT_RETURN_TYPE = YES_ERROR;
				GCC_WARN_UNDECLARED_SELECTOR = YES;
				GCC_WARN_UNINITIALIZED_AUTOS = YES_AGGRESSIVE;
				GCC_WARN_UNUSED_FUNCTION = YES;
				GCC_WARN_UNUSED_VARIABLE = YES;
				IPHONEOS_DEPLOYMENT_TARGET = 7.1;
				SDKROOT = iphoneos;
				TARGETED_DEVICE_FAMILY = "1,2";
				VALIDATE_PRODUCT = YES;
			};
			name = Release;
		};
		789E70CA27050AB50089C8FD /* Debug */ = {
			isa = XCBuildConfiguration;
			buildSettings = {
				ASSETCATALOG_COMPILER_APPICON_NAME = AppIcon;
				ASSETCATALOG_COMPILER_LAUNCHIMAGE_NAME = LaunchImage;
				CODE_SIGNING_ALLOWED = NO;
				CODE_SIGN_IDENTITY = " ";
				GCC_PRECOMPILE_PREFIX_HEADER = YES;
				GCC_PREFIX_HEADER = "iGOG/iGOG-Prefix.pch";
				INFOPLIST_FILE = "iGOG/iGOG-Info.plist";
				IPHONEOS_DEPLOYMENT_TARGET = 6.0;
				PRODUCT_NAME = "$(TARGET_NAME)";
				TARGETED_DEVICE_FAMILY = "1,2";
				WRAPPER_EXTENSION = app;
			};
			name = Debug;
		};
		789E70CB27050AB50089C8FD /* Release */ = {
			isa = XCBuildConfiguration;
			buildSettings = {
				ASSETCATALOG_COMPILER_APPICON_NAME = AppIcon;
				ASSETCATALOG_COMPILER_LAUNCHIMAGE_NAME = LaunchImage;
				CODE_SIGNING_ALLOWED = NO;
				CODE_SIGN_IDENTITY = " ";
				GCC_PRECOMPILE_PREFIX_HEADER = YES;
				GCC_PREFIX_HEADER = "iGOG/iGOG-Prefix.pch";
				INFOPLIST_FILE = "iGOG/iGOG-Info.plist";
				IPHONEOS_DEPLOYMENT_TARGET = 6.0;
				PRODUCT_NAME = "$(TARGET_NAME)";
				TARGETED_DEVICE_FAMILY = "1,2";
				WRAPPER_EXTENSION = app;
			};
			name = Release;
		};
		789E70CD27050AB50089C8FD /* Debug */ = {
			isa = XCBuildConfiguration;
			buildSettings = {
				BUNDLE_LOADER = "$(BUILT_PRODUCTS_DIR)/iGOG.app/iGOG";
				FRAMEWORK_SEARCH_PATHS = (
					"$(SDKROOT)/Developer/Library/Frameworks",
					"$(inherited)",
					"$(DEVELOPER_FRAMEWORKS_DIR)",
				);
				GCC_PRECOMPILE_PREFIX_HEADER = YES;
				GCC_PREFIX_HEADER = "iGOG/iGOG-Prefix.pch";
				GCC_PREPROCESSOR_DEFINITIONS = (
					"DEBUG=1",
					"$(inherited)",
				);
				INFOPLIST_FILE = "iGOGTests/iGOGTests-Info.plist";
				PRODUCT_NAME = "$(TARGET_NAME)";
				TEST_HOST = "$(BUNDLE_LOADER)";
				WRAPPER_EXTENSION = xctest;
			};
			name = Debug;
		};
		789E70CE27050AB50089C8FD /* Release */ = {
			isa = XCBuildConfiguration;
			buildSettings = {
				BUNDLE_LOADER = "$(BUILT_PRODUCTS_DIR)/iGOG.app/iGOG";
				FRAMEWORK_SEARCH_PATHS = (
					"$(SDKROOT)/Developer/Library/Frameworks",
					"$(inherited)",
					"$(DEVELOPER_FRAMEWORKS_DIR)",
				);
				GCC_PRECOMPILE_PREFIX_HEADER = YES;
				GCC_PREFIX_HEADER = "iGOG/iGOG-Prefix.pch";
				INFOPLIST_FILE = "iGOGTests/iGOGTests-Info.plist";
				PRODUCT_NAME = "$(TARGET_NAME)";
				TEST_HOST = "$(BUNDLE_LOADER)";
				WRAPPER_EXTENSION = xctest;
			};
			name = Release;
		};
/* End XCBuildConfiguration section */

/* Begin XCConfigurationList section */
		789E708F27050AB50089C8FD /* Build configuration list for PBXProject "iGOG" */ = {
			isa = XCConfigurationList;
			buildConfigurations = (
				789E70C727050AB50089C8FD /* Debug */,
				789E70C827050AB50089C8FD /* Release */,
			);
			defaultConfigurationIsVisible = 0;
			defaultConfigurationName = Release;
		};
		789E70C927050AB50089C8FD /* Build configuration list for PBXNativeTarget "iGOG" */ = {
			isa = XCConfigurationList;
			buildConfigurations = (
				789E70CA27050AB50089C8FD /* Debug */,
				789E70CB27050AB50089C8FD /* Release */,
			);
			defaultConfigurationIsVisible = 0;
			defaultConfigurationName = Release;
		};
		789E70CC27050AB50089C8FD /* Build configuration list for PBXNativeTarget "iGOGTests" */ = {
			isa = XCConfigurationList;
			buildConfigurations = (
				789E70CD27050AB50089C8FD /* Debug */,
				789E70CE27050AB50089C8FD /* Release */,
			);
			defaultConfigurationIsVisible = 0;
			defaultConfigurationName = Release;
		};
/* End XCConfigurationList section */
	};
	rootObject = 789E708C27050AB50089C8FD /* Project object */;
}
